<?xml version="1.0" encoding="utf-8"?>
<Project ToolsVersion="4.0" xmlns="http://schemas.microsoft.com/developer/msbuild/2003">
  <ItemGroup>
    <Filter Include="Source Files">
      <UniqueIdentifier>{4FC737F1-C7A5-4376-A066-2A32D752A2FF}</UniqueIdentifier>
      <Extensions>cpp;c;cc;cxx;def;odl;idl;hpj;bat;asm;asmx</Extensions>
    </Filter>
    <Filter Include="Header Files">
      <UniqueIdentifier>{93995380-89BD-4b04-88EB-625FBE52EBFB}</UniqueIdentifier>
      <Extensions>h;hh;hpp;hxx;hm;inl;inc;xsd</Extensions>
    </Filter>
    <Filter Include="Resource Files">
      <UniqueIdentifier>{67DA6AB6-F800-4c08-8B7A-83BB121AAD01}</UniqueIdentifier>
      <Extensions>rc;ico;cur;bmp;dlg;rc2;rct;bin;rgs;gif;jpg;jpeg;jpe;resx;tiff;tif;png;wav;mfcribbon-ms</Extensions>
    </Filter>
    <Filter Include="Header Files\Menus">
      <UniqueIdentifier>{7ac84093-19cf-4864-9221-5ac7f54e4fa8}</UniqueIdentifier>
    </Filter>
    <Filter Include="Source Files\Menus">
      <UniqueIdentifier>{8a4c3805-41c6-4d83-b40d-e5c7da2a72fa}</UniqueIdentifier>
    </Filter>
    <Filter Include="Header Files\Spinners">
      <UniqueIdentifier>{8f2a02bb-5ffa-4ff0-8ea5-35752259a6b2}</UniqueIdentifier>
    </Filter>
    <Filter Include="Source Files\Spinners">
      <UniqueIdentifier>{b64734a9-1d4d-4077-9330-2e211e9ee81e}</UniqueIdentifier>
    </Filter>
  </ItemGroup>
  <ItemGroup>
    <ClCompile Include="Menus\SpinnerSelectionMenu.cpp">
      <Filter>Source Files\Menus</Filter>
    </ClCompile>
    <ClCompile Include="Spinners\SpinnerFactory.cpp">
      <Filter>Source Files\Spinners</Filter>
    </ClCompile>
    <ClCompile Include="Spinners\TwoLinesSpinner.cpp">
      <Filter>Source Files\Spinners</Filter>
    </ClCompile>
    <ClCompile Include="Spinners\Spinner.cpp">
      <Filter>Source Files\Spinners</Filter>
    </ClCompile>
    <ClCompile Include="Game.cpp">
      <Filter>Source Files</Filter>
    </ClCompile>
    <ClCompile Include="Menus\Instructions.cpp">
      <Filter>Source Files\Menus</Filter>
    </ClCompile>
    <ClCompile Include="IPrintable.cpp">
      <Filter>Source Files</Filter>
    </ClCompile>
    <ClCompile Include="Spinners\ThreeLinesSpinner.cpp">
      <Filter>Source Files\Spinners</Filter>
    </ClCompile>
    <ClCompile Include="Spinners\OneLineSpinner.cpp">
      <Filter>Source Files\Spinners</Filter>
    </ClCompile>
    <ClCompile Include="ColorMap.cpp">
      <Filter>Source Files</Filter>
    </ClCompile>
    <ClCompile Include="Utils.cpp">
      <Filter>Source Files</Filter>
    </ClCompile>
    <ClCompile Include="Main.cpp">
      <Filter>Source Files</Filter>
    </ClCompile>
  </ItemGroup>
  <ItemGroup>
    <ClInclude Include="IPrintable.h">
      <Filter>Header Files</Filter>
    </ClInclude>
    <ClInclude Include="Menus\SpinnerSelectionMenu.h">
      <Filter>Header Files\Menus</Filter>
    </ClInclude>
    <ClInclude Include="Spinners\Spinner.h">
      <Filter>Header Files\Spinners</Filter>
    </ClInclude>
    <ClInclude Include="Spinners\SpinnerFactory.h">
      <Filter>Header Files\Spinners</Filter>
    </ClInclude>
    <ClInclude Include="Spinners\TwoLinesSpinner.h">
      <Filter>Header Files\Spinners</Filter>
    </ClInclude>
    <ClInclude Include="Game.h">
      <Filter>Header Files</Filter>
    </ClInclude>
    <ClInclude Include="Menus\Instructions.h">
      <Filter>Header Files\Menus</Filter>
    </ClInclude>
    <ClInclude Include="Spinners\ThreeLinesSpinner.h">
      <Filter>Header Files\Spinners</Filter>
    </ClInclude>
    <ClInclude Include="Spinners\OneLineSpinner.h">
      <Filter>Header Files\Spinners</Filter>
    </ClInclude>
    <ClInclude Include="ColorMap.h">
      <Filter>Header Files</Filter>
    </ClInclude>
    <ClInclude Include="Utils.h">
      <Filter>Header Files</Filter>
    </ClInclude>
  </ItemGroup>
</Project>